
Microsoft Visual Studio Solution File, Format Version 12.00
# Visual Studio Version 17
VisualStudioVersion = 17.14.36603.0
MinimumVisualStudioVersion = 10.0.40219.1
Project("{2150E333-8FDC-42A3-9474-1A3956D46DE8}") = "01_Platform", "01_Platform", "{02EA681E-C7D8-13C7-8484-4AC65E1B71E8}"
EndProject
Project("{2150E333-8FDC-42A3-9474-1A3956D46DE8}") = "02_Tools", "02_Tools", "{F66162E9-2141-4448-9081-FB0736527D1E}"
EndProject
Project("{2150E333-8FDC-42A3-9474-1A3956D46DE8}") = "03_Services", "03_Services", "{B0D54632-BF4C-483D-AACE-F05BAD2145FB}"
EndProject
Project("{2150E333-8FDC-42A3-9474-1A3956D46DE8}") = "04_Apps", "04_Apps", "{4272DD0A-3909-40D0-94A6-28C21230500D}"
EndProject
Project("{2150E333-8FDC-42A3-9474-1A3956D46DE8}") = "05_Tests", "05_Tests", "{E2115E70-C22D-400C-9E8B-BCF251E75364}"
EndProject
Project("{FAE04EC0-301F-11D3-BF4B-00C04F79EFBC}") = "BahyWay.SharedKernel", "src\01_Platform\BahyWay.SharedKernel\BahyWay.SharedKernel.csproj", "{9E9A6843-B7B9-483C-D160-6F9C4853292C}"
EndProject
Project("{FAE04EC0-301F-11D3-BF4B-00C04F79EFBC}") = "Bahyway.Orchestrator", "src\01_Platform\Bahyway.Orchestrator\Bahyway.Orchestrator.csproj", "{792699B5-E800-1776-A67D-D6CC4D6EE06E}"
EndProject
Project("{2150E333-8FDC-42A3-9474-1A3956D46DE8}") = "ETLWay.Core", "ETLWay.Core", "{EC997CAB-EA53-45FA-BE19-DE5C07B10C20}"
EndProject
Project("{FAE04EC0-301F-11D3-BF4B-00C04F79EFBC}") = "ETLWay.Domain", "src\01_Platform\ETLWay.Core\ETLWay.Domain\ETLWay.Domain.csproj", "{9C04FF06-2646-457D-9541-982615090AB2}"
EndProject
Project("{FAE04EC0-301F-11D3-BF4B-00C04F79EFBC}") = "ETLWay.Application", "src\01_Platform\ETLWay.Core\ETLWay.Application\ETLWay.Application.csproj", "{4BD9AC2A-A138-A9A0-1EB1-AD37658F8642}"
EndProject
Project("{FAE04EC0-301F-11D3-BF4B-00C04F79EFBC}") = "ETLWay.Infrastructure", "src\01_Platform\ETLWay.Core\ETLWay.Infrastructure\ETLWay.Infrastructure.csproj", "{4A5F9923-30FB-6B21-E75D-CC3B8DEE651C}"
EndProject
Project("{FAE04EC0-301F-11D3-BF4B-00C04F79EFBC}") = "ETLWay.Orchestrator", "src\01_Platform\ETLWay.Core\ETLWay.Orchestrator\ETLWay.Orchestrator.csproj", "{64CCE6A2-4602-352D-2CEC-F1F34B3580BF}"
EndProject
Project("{2150E333-8FDC-42A3-9474-1A3956D46DE8}") = "Akkadian.Compiler", "Akkadian.Compiler", "{CB60D9A0-5978-40E3-A222-BAB35F870B73}"
EndProject
Project("{FAE04EC0-301F-11D3-BF4B-00C04F79EFBC}") = "Akkadian.Cli", "src\02_Tools\Akkadian.Compiler\Akkadian.Cli\Akkadian.Cli.csproj", "{D98E72D7-B6DC-F7C2-5DCE-FFB757712C18}"
EndProject
Project("{FAE04EC0-301F-11D3-BF4B-00C04F79EFBC}") = "Akkadian.Core", "src\02_Tools\Akkadian.Compiler\Akkadian.Core\Akkadian.Core.csproj", "{63EAEC69-1812-648A-38A0-E4245E2CA3B6}"
EndProject
Project("{2150E333-8FDC-42A3-9474-1A3956D46DE8}") = "Akkadian.IDE", "Akkadian.IDE", "{508E3A78-120E-4916-9565-4E555ABEA9EA}"
EndProject
Project("{2150E333-8FDC-42A3-9474-1A3956D46DE8}") = "akkadian-dsl", "akkadian-dsl", "{E7E6B683-DDBE-47A0-8374-39A3B9B4403C}"
EndProject
Project("{54A90642-561A-4BB1-A94E-469ADEE60C69}") = "akkadian-dsl", "src\02_Tools\Akkadian.IDE\akkadian-dsl\akkadian-dsl.esproj", "{531D4E22-8A84-23A0-8728-A2F324E760A9}"
EndProject
Project("{2150E333-8FDC-42A3-9474-1A3956D46DE8}") = "AlarmInsight", "AlarmInsight", "{10AF7FE4-6EE3-4A69-B923-E71A521EEDE5}"
EndProject
Project("{2150E333-8FDC-42A3-9474-1A3956D46DE8}") = "Bahyway.KGEditor", "Bahyway.KGEditor", "{4104D9AA-B5BB-46BA-B71D-691F350395E9}"
EndProject
Project("{2150E333-8FDC-42A3-9474-1A3956D46DE8}") = "BahyWay.Web", "BahyWay.Web", "{AE6E80B7-4413-4E00-9D47-FE7045ED1A88}"
EndProject
Project("{FAE04EC0-301F-11D3-BF4B-00C04F79EFBC}") = "AlarmInsight.API", "src\03_Services\AlarmInsight\AlarmInsight.API\AlarmInsight.API.csproj", "{6560CE41-3085-8B85-8116-C8264A4E0A68}"
EndProject
Project("{FAE04EC0-301F-11D3-BF4B-00C04F79EFBC}") = "AlarmInsight.Application", "src\03_Services\AlarmInsight\AlarmInsight.Application\AlarmInsight.Application.csproj", "{A85E8D0E-E544-9B15-0241-601D23A42BB1}"
EndProject
Project("{FAE04EC0-301F-11D3-BF4B-00C04F79EFBC}") = "AlarmInsight.Domain", "src\03_Services\AlarmInsight\AlarmInsight.Domain\AlarmInsight.Domain.csproj", "{C0645DB9-C2FC-14AE-6634-A65D1BF95E11}"
EndProject
Project("{FAE04EC0-301F-11D3-BF4B-00C04F79EFBC}") = "AlarmInsight.Infrastructure", "src\03_Services\AlarmInsight\AlarmInsight.Infrastructure\AlarmInsight.Infrastructure.csproj", "{4539A5FD-ACC4-BCF3-C207-602ADFB2513A}"
EndProject
Project("{FAE04EC0-301F-11D3-BF4B-00C04F79EFBC}") = "Bahyway.KGEditor.Application", "src\03_Services\Bahyway.KGEditor\Bahyway.KGEditor.Application\Bahyway.KGEditor.Application.csproj", "{0601C156-C628-E216-5BF3-C49811F8C9D2}"
EndProject
Project("{FAE04EC0-301F-11D3-BF4B-00C04F79EFBC}") = "Bahyway.KGEditor.Domain", "src\03_Services\Bahyway.KGEditor\Bahyway.KGEditor.Domain\Bahyway.KGEditor.Domain.csproj", "{C652B94B-AC40-C4A5-ADD6-F3ECBDB4CE1E}"
EndProject
Project("{FAE04EC0-301F-11D3-BF4B-00C04F79EFBC}") = "Bahyway.KGEditor.Infrastructure", "src\03_Services\Bahyway.KGEditor\Bahyway.KGEditor.Infrastructure\Bahyway.KGEditor.Infrastructure.csproj", "{736F534D-05E9-8B6E-98DB-E46473A91BD8}"
EndProject
Project("{FAE04EC0-301F-11D3-BF4B-00C04F79EFBC}") = "Bahyway.KGEditor.UI", "src\03_Services\Bahyway.KGEditor\Bahyway.KGEditor.UI\Bahyway.KGEditor.UI.csproj", "{19782EC0-6B87-2845-E8AB-6F06933DDC9C}"
EndProject
Project("{FAE04EC0-301F-11D3-BF4B-00C04F79EFBC}") = "BahyWay.Web.API", "src\03_Services\BahyWay.Web\BahyWay.Web.API\BahyWay.Web.API.csproj", "{33187262-CF5B-5CE6-400E-2B01927C00FB}"
EndProject
Project("{54A90642-561A-4BB1-A94E-469ADEE60C69}") = "BahyWay.Web.Client", "src\03_Services\BahyWay.Web\BahyWay.Web.Client\BahyWay.Web.Client.esproj", "{3C0B946E-A23C-5423-97F9-882B4C4C4BE8}"
EndProject
Project("{2150E333-8FDC-42A3-9474-1A3956D46DE8}") = "beeMDM.Logic", "beeMDM.Logic", "{E17FA9C0-6C50-4325-AF36-B25DE1B65A60}"
EndProject
Project("{2150E333-8FDC-42A3-9474-1A3956D46DE8}") = "Najaf.Cemetery", "Najaf.Cemetery", "{B7F3D555-766F-4C38-BA5A-8A0A388B9F94}"
EndProject
Project("{2150E333-8FDC-42A3-9474-1A3956D46DE8}") = "WPDWay.Logic", "WPDWay.Logic", "{4A81616A-997E-4AA3-A09B-2AA36C35363B}"
EndProject
Project("{FAE04EC0-301F-11D3-BF4B-00C04F79EFBC}") = "Bahyway.Tests", "src\05_Tests\Bahyway.Tests\Bahyway.Tests.csproj", "{F64A204E-263C-EBC8-9EFC-A1A48867FC68}"
EndProject
Project("{FAE04EC0-301F-11D3-BF4B-00C04F79EFBC}") = "beeMDM.Logic", "src\04_Apps\beeMDM.Logic\beeMDM.Logic\beeMDM.Logic.csproj", "{547765F8-6B67-F03C-6844-F85CF5BAC7E7}"
EndProject
Project("{FAE04EC0-301F-11D3-BF4B-00C04F79EFBC}") = "Najaf.Cemetery", "src\04_Apps\Najaf.Cemetery\Najaf.Cemetery\Najaf.Cemetery.csproj", "{BF5A872D-C5A8-EAEA-8F48-4EBA093928A0}"
EndProject
Project("{FAE04EC0-301F-11D3-BF4B-00C04F79EFBC}") = "WPDWay.Logic", "src\04_Apps\WPDWay.Logic\WPDWay.Logic\WPDWay.Logic.csproj", "{D445E563-BC33-4B27-2C8D-7E3C87FACEE6}"
EndProject
Project("{FAE04EC0-301F-11D3-BF4B-00C04F79EFBC}") = "ETLWay.Logic", "src\04_Apps\ETLWay.Logic\ETLWay.Logic.csproj", "{EF574B74-3AE3-E333-5D48-8DF00DA4A654}"
EndProject
Project("{FAE04EC0-301F-11D3-BF4B-00C04F79EFBC}") = "BahyWay.RulesEngine.Core", "src\01_Platform\BahyWay.RulesEngine.Core\BahyWay.RulesEngine.Core.csproj", "{6D221B37-ECA8-0308-F0B9-97DA5CD42FBB}"
EndProject
Global
	GlobalSection(SolutionConfigurationPlatforms) = preSolution
		Debug|Any CPU = Debug|Any CPU
		Release|Any CPU = Release|Any CPU
	EndGlobalSection
	GlobalSection(ProjectConfigurationPlatforms) = postSolution
		{9E9A6843-B7B9-483C-D160-6F9C4853292C}.Debug|Any CPU.ActiveCfg = Debug|Any CPU
		{9E9A6843-B7B9-483C-D160-6F9C4853292C}.Debug|Any CPU.Build.0 = Debug|Any CPU
		{9E9A6843-B7B9-483C-D160-6F9C4853292C}.Release|Any CPU.ActiveCfg = Release|Any CPU
		{9E9A6843-B7B9-483C-D160-6F9C4853292C}.Release|Any CPU.Build.0 = Release|Any CPU
		{792699B5-E800-1776-A67D-D6CC4D6EE06E}.Debug|Any CPU.ActiveCfg = Debug|Any CPU
		{792699B5-E800-1776-A67D-D6CC4D6EE06E}.Debug|Any CPU.Build.0 = Debug|Any CPU
		{792699B5-E800-1776-A67D-D6CC4D6EE06E}.Release|Any CPU.ActiveCfg = Release|Any CPU
		{792699B5-E800-1776-A67D-D6CC4D6EE06E}.Release|Any CPU.Build.0 = Release|Any CPU
		{9C04FF06-2646-457D-9541-982615090AB2}.Debug|Any CPU.ActiveCfg = Debug|Any CPU
		{9C04FF06-2646-457D-9541-982615090AB2}.Debug|Any CPU.Build.0 = Debug|Any CPU
		{9C04FF06-2646-457D-9541-982615090AB2}.Release|Any CPU.ActiveCfg = Release|Any CPU
		{9C04FF06-2646-457D-9541-982615090AB2}.Release|Any CPU.Build.0 = Release|Any CPU
		{4BD9AC2A-A138-A9A0-1EB1-AD37658F8642}.Debug|Any CPU.ActiveCfg = Debug|Any CPU
		{4BD9AC2A-A138-A9A0-1EB1-AD37658F8642}.Debug|Any CPU.Build.0 = Debug|Any CPU
		{4BD9AC2A-A138-A9A0-1EB1-AD37658F8642}.Release|Any CPU.ActiveCfg = Release|Any CPU
		{4BD9AC2A-A138-A9A0-1EB1-AD37658F8642}.Release|Any CPU.Build.0 = Release|Any CPU
		{4A5F9923-30FB-6B21-E75D-CC3B8DEE651C}.Debug|Any CPU.ActiveCfg = Debug|Any CPU
		{4A5F9923-30FB-6B21-E75D-CC3B8DEE651C}.Debug|Any CPU.Build.0 = Debug|Any CPU
		{4A5F9923-30FB-6B21-E75D-CC3B8DEE651C}.Release|Any CPU.ActiveCfg = Release|Any CPU
		{4A5F9923-30FB-6B21-E75D-CC3B8DEE651C}.Release|Any CPU.Build.0 = Release|Any CPU
		{64CCE6A2-4602-352D-2CEC-F1F34B3580BF}.Debug|Any CPU.ActiveCfg = Debug|Any CPU
		{64CCE6A2-4602-352D-2CEC-F1F34B3580BF}.Debug|Any CPU.Build.0 = Debug|Any CPU
		{64CCE6A2-4602-352D-2CEC-F1F34B3580BF}.Release|Any CPU.ActiveCfg = Release|Any CPU
		{64CCE6A2-4602-352D-2CEC-F1F34B3580BF}.Release|Any CPU.Build.0 = Release|Any CPU
		{D98E72D7-B6DC-F7C2-5DCE-FFB757712C18}.Debug|Any CPU.ActiveCfg = Debug|Any CPU
		{D98E72D7-B6DC-F7C2-5DCE-FFB757712C18}.Debug|Any CPU.Build.0 = Debug|Any CPU
		{D98E72D7-B6DC-F7C2-5DCE-FFB757712C18}.Release|Any CPU.ActiveCfg = Release|Any CPU
		{D98E72D7-B6DC-F7C2-5DCE-FFB757712C18}.Release|Any CPU.Build.0 = Release|Any CPU
		{63EAEC69-1812-648A-38A0-E4245E2CA3B6}.Debug|Any CPU.ActiveCfg = Debug|Any CPU
		{63EAEC69-1812-648A-38A0-E4245E2CA3B6}.Debug|Any CPU.Build.0 = Debug|Any CPU
		{63EAEC69-1812-648A-38A0-E4245E2CA3B6}.Release|Any CPU.ActiveCfg = Release|Any CPU
		{63EAEC69-1812-648A-38A0-E4245E2CA3B6}.Release|Any CPU.Build.0 = Release|Any CPU
		{531D4E22-8A84-23A0-8728-A2F324E760A9}.Debug|Any CPU.ActiveCfg = Debug|Any CPU
		{531D4E22-8A84-23A0-8728-A2F324E760A9}.Debug|Any CPU.Build.0 = Debug|Any CPU
		{531D4E22-8A84-23A0-8728-A2F324E760A9}.Debug|Any CPU.Deploy.0 = Debug|Any CPU
		{531D4E22-8A84-23A0-8728-A2F324E760A9}.Release|Any CPU.ActiveCfg = Release|Any CPU
		{531D4E22-8A84-23A0-8728-A2F324E760A9}.Release|Any CPU.Build.0 = Release|Any CPU
		{531D4E22-8A84-23A0-8728-A2F324E760A9}.Release|Any CPU.Deploy.0 = Release|Any CPU
		{6560CE41-3085-8B85-8116-C8264A4E0A68}.Debug|Any CPU.ActiveCfg = Debug|Any CPU
		{6560CE41-3085-8B85-8116-C8264A4E0A68}.Debug|Any CPU.Build.0 = Debug|Any CPU
		{6560CE41-3085-8B85-8116-C8264A4E0A68}.Release|Any CPU.ActiveCfg = Release|Any CPU
		{6560CE41-3085-8B85-8116-C8264A4E0A68}.Release|Any CPU.Build.0 = Release|Any CPU
		{A85E8D0E-E544-9B15-0241-601D23A42BB1}.Debug|Any CPU.ActiveCfg = Debug|Any CPU
		{A85E8D0E-E544-9B15-0241-601D23A42BB1}.Debug|Any CPU.Build.0 = Debug|Any CPU
		{A85E8D0E-E544-9B15-0241-601D23A42BB1}.Release|Any CPU.ActiveCfg = Release|Any CPU
		{A85E8D0E-E544-9B15-0241-601D23A42BB1}.Release|Any CPU.Build.0 = Release|Any CPU
		{C0645DB9-C2FC-14AE-6634-A65D1BF95E11}.Debug|Any CPU.ActiveCfg = Debug|Any CPU
		{C0645DB9-C2FC-14AE-6634-A65D1BF95E11}.Debug|Any CPU.Build.0 = Debug|Any CPU
		{C0645DB9-C2FC-14AE-6634-A65D1BF95E11}.Release|Any CPU.ActiveCfg = Release|Any CPU
		{C0645DB9-C2FC-14AE-6634-A65D1BF95E11}.Release|Any CPU.Build.0 = Release|Any CPU
		{4539A5FD-ACC4-BCF3-C207-602ADFB2513A}.Debug|Any CPU.ActiveCfg = Debug|Any CPU
		{4539A5FD-ACC4-BCF3-C207-602ADFB2513A}.Debug|Any CPU.Build.0 = Debug|Any CPU
		{4539A5FD-ACC4-BCF3-C207-602ADFB2513A}.Release|Any CPU.ActiveCfg = Release|Any CPU
		{4539A5FD-ACC4-BCF3-C207-602ADFB2513A}.Release|Any CPU.Build.0 = Release|Any CPU
		{0601C156-C628-E216-5BF3-C49811F8C9D2}.Debug|Any CPU.ActiveCfg = Debug|Any CPU
		{0601C156-C628-E216-5BF3-C49811F8C9D2}.Debug|Any CPU.Build.0 = Debug|Any CPU
		{0601C156-C628-E216-5BF3-C49811F8C9D2}.Release|Any CPU.ActiveCfg = Release|Any CPU
		{0601C156-C628-E216-5BF3-C49811F8C9D2}.Release|Any CPU.Build.0 = Release|Any CPU
		{C652B94B-AC40-C4A5-ADD6-F3ECBDB4CE1E}.Debug|Any CPU.ActiveCfg = Debug|Any CPU
		{C652B94B-AC40-C4A5-ADD6-F3ECBDB4CE1E}.Debug|Any CPU.Build.0 = Debug|Any CPU
		{C652B94B-AC40-C4A5-ADD6-F3ECBDB4CE1E}.Release|Any CPU.ActiveCfg = Release|Any CPU
		{C652B94B-AC40-C4A5-ADD6-F3ECBDB4CE1E}.Release|Any CPU.Build.0 = Release|Any CPU
		{736F534D-05E9-8B6E-98DB-E46473A91BD8}.Debug|Any CPU.ActiveCfg = Debug|Any CPU
		{736F534D-05E9-8B6E-98DB-E46473A91BD8}.Debug|Any CPU.Build.0 = Debug|Any CPU
		{736F534D-05E9-8B6E-98DB-E46473A91BD8}.Release|Any CPU.ActiveCfg = Release|Any CPU
		{736F534D-05E9-8B6E-98DB-E46473A91BD8}.Release|Any CPU.Build.0 = Release|Any CPU
		{19782EC0-6B87-2845-E8AB-6F06933DDC9C}.Debug|Any CPU.ActiveCfg = Debug|Any CPU
		{19782EC0-6B87-2845-E8AB-6F06933DDC9C}.Debug|Any CPU.Build.0 = Debug|Any CPU
		{19782EC0-6B87-2845-E8AB-6F06933DDC9C}.Release|Any CPU.ActiveCfg = Release|Any CPU
		{19782EC0-6B87-2845-E8AB-6F06933DDC9C}.Release|Any CPU.Build.0 = Release|Any CPU
		{33187262-CF5B-5CE6-400E-2B01927C00FB}.Debug|Any CPU.ActiveCfg = Debug|Any CPU
		{33187262-CF5B-5CE6-400E-2B01927C00FB}.Debug|Any CPU.Build.0 = Debug|Any CPU
		{33187262-CF5B-5CE6-400E-2B01927C00FB}.Release|Any CPU.ActiveCfg = Release|Any CPU
		{33187262-CF5B-5CE6-400E-2B01927C00FB}.Release|Any CPU.Build.0 = Release|Any CPU
		{3C0B946E-A23C-5423-97F9-882B4C4C4BE8}.Debug|Any CPU.ActiveCfg = Debug|Any CPU
		{3C0B946E-A23C-5423-97F9-882B4C4C4BE8}.Debug|Any CPU.Build.0 = Debug|Any CPU
		{3C0B946E-A23C-5423-97F9-882B4C4C4BE8}.Debug|Any CPU.Deploy.0 = Debug|Any CPU
		{3C0B946E-A23C-5423-97F9-882B4C4C4BE8}.Release|Any CPU.ActiveCfg = Release|Any CPU
		{3C0B946E-A23C-5423-97F9-882B4C4C4BE8}.Release|Any CPU.Build.0 = Release|Any CPU
		{3C0B946E-A23C-5423-97F9-882B4C4C4BE8}.Release|Any CPU.Deploy.0 = Release|Any CPU
		{F64A204E-263C-EBC8-9EFC-A1A48867FC68}.Debug|Any CPU.ActiveCfg = Debug|Any CPU
		{F64A204E-263C-EBC8-9EFC-A1A48867FC68}.Debug|Any CPU.Build.0 = Debug|Any CPU
		{F64A204E-263C-EBC8-9EFC-A1A48867FC68}.Release|Any CPU.ActiveCfg = Release|Any CPU
		{F64A204E-263C-EBC8-9EFC-A1A48867FC68}.Release|Any CPU.Build.0 = Release|Any CPU
		{547765F8-6B67-F03C-6844-F85CF5BAC7E7}.Debug|Any CPU.ActiveCfg = Debug|Any CPU
		{547765F8-6B67-F03C-6844-F85CF5BAC7E7}.Debug|Any CPU.Build.0 = Debug|Any CPU
		{547765F8-6B67-F03C-6844-F85CF5BAC7E7}.Release|Any CPU.ActiveCfg = Release|Any CPU
		{547765F8-6B67-F03C-6844-F85CF5BAC7E7}.Release|Any CPU.Build.0 = Release|Any CPU
		{BF5A872D-C5A8-EAEA-8F48-4EBA093928A0}.Debug|Any CPU.ActiveCfg = Debug|Any CPU
		{BF5A872D-C5A8-EAEA-8F48-4EBA093928A0}.Debug|Any CPU.Build.0 = Debug|Any CPU
		{BF5A872D-C5A8-EAEA-8F48-4EBA093928A0}.Release|Any CPU.ActiveCfg = Release|Any CPU
		{BF5A872D-C5A8-EAEA-8F48-4EBA093928A0}.Release|Any CPU.Build.0 = Release|Any CPU
		{D445E563-BC33-4B27-2C8D-7E3C87FACEE6}.Debug|Any CPU.ActiveCfg = Debug|Any CPU
		{D445E563-BC33-4B27-2C8D-7E3C87FACEE6}.Debug|Any CPU.Build.0 = Debug|Any CPU
		{D445E563-BC33-4B27-2C8D-7E3C87FACEE6}.Release|Any CPU.ActiveCfg = Release|Any CPU
		{D445E563-BC33-4B27-2C8D-7E3C87FACEE6}.Release|Any CPU.Build.0 = Release|Any CPU
		{EF574B74-3AE3-E333-5D48-8DF00DA4A654}.Debug|Any CPU.ActiveCfg = Debug|Any CPU
		{EF574B74-3AE3-E333-5D48-8DF00DA4A654}.Debug|Any CPU.Build.0 = Debug|Any CPU
		{EF574B74-3AE3-E333-5D48-8DF00DA4A654}.Release|Any CPU.ActiveCfg = Release|Any CPU
		{EF574B74-3AE3-E333-5D48-8DF00DA4A654}.Release|Any CPU.Build.0 = Release|Any CPU
		{6D221B37-ECA8-0308-F0B9-97DA5CD42FBB}.Debug|Any CPU.ActiveCfg = Debug|Any CPU
		{6D221B37-ECA8-0308-F0B9-97DA5CD42FBB}.Debug|Any CPU.Build.0 = Debug|Any CPU
		{6D221B37-ECA8-0308-F0B9-97DA5CD42FBB}.Release|Any CPU.ActiveCfg = Release|Any CPU
		{6D221B37-ECA8-0308-F0B9-97DA5CD42FBB}.Release|Any CPU.Build.0 = Release|Any CPU
	EndGlobalSection
	GlobalSection(SolutionProperties) = preSolution
		HideSolutionNode = FALSE
	EndGlobalSection
	GlobalSection(NestedProjects) = preSolution
		{9E9A6843-B7B9-483C-D160-6F9C4853292C} = {02EA681E-C7D8-13C7-8484-4AC65E1B71E8}
		{792699B5-E800-1776-A67D-D6CC4D6EE06E} = {02EA681E-C7D8-13C7-8484-4AC65E1B71E8}
		{EC997CAB-EA53-45FA-BE19-DE5C07B10C20} = {02EA681E-C7D8-13C7-8484-4AC65E1B71E8}
		{9C04FF06-2646-457D-9541-982615090AB2} = {EC997CAB-EA53-45FA-BE19-DE5C07B10C20}
		{4BD9AC2A-A138-A9A0-1EB1-AD37658F8642} = {EC997CAB-EA53-45FA-BE19-DE5C07B10C20}
		{4A5F9923-30FB-6B21-E75D-CC3B8DEE651C} = {EC997CAB-EA53-45FA-BE19-DE5C07B10C20}
		{64CCE6A2-4602-352D-2CEC-F1F34B3580BF} = {EC997CAB-EA53-45FA-BE19-DE5C07B10C20}
		{CB60D9A0-5978-40E3-A222-BAB35F870B73} = {F66162E9-2141-4448-9081-FB0736527D1E}
		{D98E72D7-B6DC-F7C2-5DCE-FFB757712C18} = {CB60D9A0-5978-40E3-A222-BAB35F870B73}
		{63EAEC69-1812-648A-38A0-E4245E2CA3B6} = {CB60D9A0-5978-40E3-A222-BAB35F870B73}
		{508E3A78-120E-4916-9565-4E555ABEA9EA} = {F66162E9-2141-4448-9081-FB0736527D1E}
		{E7E6B683-DDBE-47A0-8374-39A3B9B4403C} = {508E3A78-120E-4916-9565-4E555ABEA9EA}
		{531D4E22-8A84-23A0-8728-A2F324E760A9} = {E7E6B683-DDBE-47A0-8374-39A3B9B4403C}
		{10AF7FE4-6EE3-4A69-B923-E71A521EEDE5} = {B0D54632-BF4C-483D-AACE-F05BAD2145FB}
		{4104D9AA-B5BB-46BA-B71D-691F350395E9} = {B0D54632-BF4C-483D-AACE-F05BAD2145FB}
		{AE6E80B7-4413-4E00-9D47-FE7045ED1A88} = {B0D54632-BF4C-483D-AACE-F05BAD2145FB}
		{6560CE41-3085-8B85-8116-C8264A4E0A68} = {10AF7FE4-6EE3-4A69-B923-E71A521EEDE5}
		{A85E8D0E-E544-9B15-0241-601D23A42BB1} = {10AF7FE4-6EE3-4A69-B923-E71A521EEDE5}
		{C0645DB9-C2FC-14AE-6634-A65D1BF95E11} = {10AF7FE4-6EE3-4A69-B923-E71A521EEDE5}
		{4539A5FD-ACC4-BCF3-C207-602ADFB2513A} = {10AF7FE4-6EE3-4A69-B923-E71A521EEDE5}
		{0601C156-C628-E216-5BF3-C49811F8C9D2} = {4104D9AA-B5BB-46BA-B71D-691F350395E9}
		{C652B94B-AC40-C4A5-ADD6-F3ECBDB4CE1E} = {4104D9AA-B5BB-46BA-B71D-691F350395E9}
		{736F534D-05E9-8B6E-98DB-E46473A91BD8} = {4104D9AA-B5BB-46BA-B71D-691F350395E9}
		{19782EC0-6B87-2845-E8AB-6F06933DDC9C} = {4104D9AA-B5BB-46BA-B71D-691F350395E9}
		{33187262-CF5B-5CE6-400E-2B01927C00FB} = {AE6E80B7-4413-4E00-9D47-FE7045ED1A88}
		{3C0B946E-A23C-5423-97F9-882B4C4C4BE8} = {AE6E80B7-4413-4E00-9D47-FE7045ED1A88}
		{E17FA9C0-6C50-4325-AF36-B25DE1B65A60} = {4272DD0A-3909-40D0-94A6-28C21230500D}
		{B7F3D555-766F-4C38-BA5A-8A0A388B9F94} = {4272DD0A-3909-40D0-94A6-28C21230500D}
		{4A81616A-997E-4AA3-A09B-2AA36C35363B} = {4272DD0A-3909-40D0-94A6-28C21230500D}
		{F64A204E-263C-EBC8-9EFC-A1A48867FC68} = {E2115E70-C22D-400C-9E8B-BCF251E75364}
		{547765F8-6B67-F03C-6844-F85CF5BAC7E7} = {E17FA9C0-6C50-4325-AF36-B25DE1B65A60}
		{BF5A872D-C5A8-EAEA-8F48-4EBA093928A0} = {B7F3D555-766F-4C38-BA5A-8A0A388B9F94}
		{D445E563-BC33-4B27-2C8D-7E3C87FACEE6} = {4A81616A-997E-4AA3-A09B-2AA36C35363B}
		{EF574B74-3AE3-E333-5D48-8DF00DA4A654} = {4272DD0A-3909-40D0-94A6-28C21230500D}
		{6D221B37-ECA8-0308-F0B9-97DA5CD42FBB} = {02EA681E-C7D8-13C7-8484-4AC65E1B71E8}
	EndGlobalSection
	GlobalSection(ExtensibilityGlobals) = postSolution
		SolutionGuid = {5CCCB4EB-1393-4207-A6DD-58381E625757}
	EndGlobalSection
EndGlobal
