
Microsoft Visual Studio Solution File, Format Version 12.00
# Visual Studio Version 17
VisualStudioVersion = 17.14.36603.0
MinimumVisualStudioVersion = 10.0.40219.1
Project("{2150E333-8FDC-42A3-9474-1A3956D46DE8}") = "Akkadian.Compiler", "Akkadian.Compiler", "{02EA681E-C7D8-13C7-8484-4AC65E1B71E8}"
EndProject
Project("{2150E333-8FDC-42A3-9474-1A3956D46DE8}") = "BahyWay.Kernel", "BahyWay.Kernel", "{7C445A11-BD9E-4CD7-8EBC-02AD77BE2FF3}"
EndProject
Project("{2150E333-8FDC-42A3-9474-1A3956D46DE8}") = "Bahyway.KGEditor", "Bahyway.KGEditor", "{BDE1DA6F-B217-4869-BD67-495CC256BB95}"
EndProject
Project("{2150E333-8FDC-42A3-9474-1A3956D46DE8}") = "ETLWay.Core", "ETLWay.Core", "{68D40CC8-1208-4F6F-9F7A-2FDCB3158421}"
EndProject
Project("{2150E333-8FDC-42A3-9474-1A3956D46DE8}") = "Akkadian.IDE", "Akkadian.IDE", "{C08780F7-6FFE-41DF-9717-75877BE1080D}"
EndProject
Project("{FAE04EC0-301F-11D3-BF4B-00C04F79EFBC}") = "Akkadian.Cli", "src\Akkadian.Compiler\Akkadian.Cli\Akkadian.Cli.csproj", "{3CF226D6-A287-41B5-C171-095BFABD37AA}"
EndProject
Project("{FAE04EC0-301F-11D3-BF4B-00C04F79EFBC}") = "Akkadian.Core", "src\Akkadian.Compiler\Akkadian.Core\Akkadian.Core.csproj", "{218EB7C4-18F1-BBB0-D060-4E79D81F0DC7}"
EndProject
Project("{54A90642-561A-4BB1-A94E-469ADEE60C69}") = "akkadian-dsl", "src\Akkadian.IDE\akkadian-dsl\akkadian-dsl.esproj", "{7B21F34D-1503-4F4F-3DB4-E4073328DE26}"
EndProject
Project("{FAE04EC0-301F-11D3-BF4B-00C04F79EFBC}") = "Bahyway.KGEditor.Application", "src\BahyWay.Kernel\src\Bahyway.KGEditor\Bahyway.KGEditor.Application\Bahyway.KGEditor.Application.csproj", "{F09BE0D0-0129-6A20-7EEF-97A5B78611D6}"
EndProject
Project("{FAE04EC0-301F-11D3-BF4B-00C04F79EFBC}") = "Bahyway.KGEditor.Domain", "src\BahyWay.Kernel\src\Bahyway.KGEditor\Bahyway.KGEditor.Domain\Bahyway.KGEditor.Domain.csproj", "{7C3E8213-E851-3F04-E279-D86CB5C128DF}"
EndProject
Project("{FAE04EC0-301F-11D3-BF4B-00C04F79EFBC}") = "Bahyway.KGEditor.Infrastructure", "src\BahyWay.Kernel\src\Bahyway.KGEditor\Bahyway.KGEditor.Infrastructure\Bahyway.KGEditor.Infrastructure.csproj", "{9622483A-D2B8-B093-1CCD-ADBF4D53E1C4}"
EndProject
Project("{FAE04EC0-301F-11D3-BF4B-00C04F79EFBC}") = "Bahyway.KGEditor.UI", "src\BahyWay.Kernel\src\Bahyway.KGEditor\Bahyway.KGEditor.UI\Bahyway.KGEditor.UI.csproj", "{6B99C837-EC0B-3488-817A-0989E4888F82}"
EndProject
Project("{FAE04EC0-301F-11D3-BF4B-00C04F79EFBC}") = "ETLWay.Application", "src\BahyWay.Kernel\src\ETLWay.Core\ETLWay.Application\ETLWay.Application.csproj", "{BA20E7CB-9C26-BE66-D1DF-15525DC69541}"
EndProject
Project("{FAE04EC0-301F-11D3-BF4B-00C04F79EFBC}") = "ETLWay.Domain", "src\BahyWay.Kernel\src\ETLWay.Core\ETLWay.Domain\ETLWay.Domain.csproj", "{F884D5DF-93BD-6B18-2E0D-5323A95FA42A}"
EndProject
Project("{FAE04EC0-301F-11D3-BF4B-00C04F79EFBC}") = "ETLWay.Infrastructure", "src\BahyWay.Kernel\src\ETLWay.Core\ETLWay.Infrastructure\ETLWay.Infrastructure.csproj", "{7ED99297-205E-52F3-F0B2-FFA80D8A3650}"
EndProject
Project("{FAE04EC0-301F-11D3-BF4B-00C04F79EFBC}") = "ETLWay.Orchestrator", "src\BahyWay.Kernel\src\ETLWay.Core\ETLWay.Orchestrator\ETLWay.Orchestrator.csproj", "{5BCBF0D8-657A-4E78-45FF-AF5263CE0B43}"
EndProject
Project("{FAE04EC0-301F-11D3-BF4B-00C04F79EFBC}") = "AlarmInsight.API", "src\BahyWay.Kernel\src\AlarmInsight.API\AlarmInsight.API.csproj", "{841F6DE8-DC65-6133-A0A7-A586A0A93C17}"
EndProject
Project("{FAE04EC0-301F-11D3-BF4B-00C04F79EFBC}") = "AlarmInsight.Application", "src\BahyWay.Kernel\src\AlarmInsight.Application\AlarmInsight.Application.csproj", "{DD129DD3-CDC1-EC3A-509E-85273D638CBC}"
EndProject
Project("{FAE04EC0-301F-11D3-BF4B-00C04F79EFBC}") = "AlarmInsight.Domain", "src\BahyWay.Kernel\src\AlarmInsight.Domain\AlarmInsight.Domain.csproj", "{D52978BF-4413-F263-4716-4CEF96777AB2}"
EndProject
Project("{FAE04EC0-301F-11D3-BF4B-00C04F79EFBC}") = "AlarmInsight.Infrastructure", "src\BahyWay.Kernel\src\AlarmInsight.Infrastructure\AlarmInsight.Infrastructure.csproj", "{7BA768C9-837D-B7E9-6CB3-91CE8D622FB0}"
EndProject
Project("{FAE04EC0-301F-11D3-BF4B-00C04F79EFBC}") = "Bahyway.Orchestrator", "src\BahyWay.Kernel\src\Bahyway.Orchestrator\Bahyway.Orchestrator.csproj", "{8C85B97F-29C4-E5C6-BBF4-7FBFFC604352}"
EndProject
Project("{FAE04EC0-301F-11D3-BF4B-00C04F79EFBC}") = "BahyWay.RulesEngine", "src\BahyWay.Kernel\src\BahyWay.RulesEngine\BahyWay.RulesEngine.csproj", "{E0EA3723-800A-4719-24E8-D9AC31DB9A7E}"
EndProject
Project("{FAE04EC0-301F-11D3-BF4B-00C04F79EFBC}") = "BahyWay.SharedKernel", "src\BahyWay.Kernel\src\BahyWay.SharedKernel\BahyWay.SharedKernel.csproj", "{398F2668-230C-E0AD-9CEC-12160AB1EE00}"
EndProject
Project("{FAE04EC0-301F-11D3-BF4B-00C04F79EFBC}") = "Bahyway.Tests", "src\BahyWay.Kernel\src\Bahyway.Tests\Bahyway.Tests.csproj", "{E46D385B-D7DE-577B-C705-5B5F13672BF8}"
EndProject
Project("{FAE04EC0-301F-11D3-BF4B-00C04F79EFBC}") = "BahyWay.Web.API", "src\BahyWay.Kernel\src\BahyWay.Web.API\BahyWay.Web.API.csproj", "{CB27EDC8-C8A6-3406-B531-58A78E4E28D8}"
EndProject
Project("{54A90642-561A-4BB1-A94E-469ADEE60C69}") = "BahyWay.Web.Client", "src\BahyWay.Kernel\src\BahyWay.Web.Client\BahyWay.Web.Client.esproj", "{CE30D94D-396E-EEAF-73F3-BDAD8914FEE5}"
EndProject
Global
	GlobalSection(SolutionConfigurationPlatforms) = preSolution
		Debug|Any CPU = Debug|Any CPU
		Release|Any CPU = Release|Any CPU
	EndGlobalSection
	GlobalSection(ProjectConfigurationPlatforms) = postSolution
		{3CF226D6-A287-41B5-C171-095BFABD37AA}.Debug|Any CPU.ActiveCfg = Debug|Any CPU
		{3CF226D6-A287-41B5-C171-095BFABD37AA}.Debug|Any CPU.Build.0 = Debug|Any CPU
		{3CF226D6-A287-41B5-C171-095BFABD37AA}.Release|Any CPU.ActiveCfg = Release|Any CPU
		{3CF226D6-A287-41B5-C171-095BFABD37AA}.Release|Any CPU.Build.0 = Release|Any CPU
		{218EB7C4-18F1-BBB0-D060-4E79D81F0DC7}.Debug|Any CPU.ActiveCfg = Debug|Any CPU
		{218EB7C4-18F1-BBB0-D060-4E79D81F0DC7}.Debug|Any CPU.Build.0 = Debug|Any CPU
		{218EB7C4-18F1-BBB0-D060-4E79D81F0DC7}.Release|Any CPU.ActiveCfg = Release|Any CPU
		{218EB7C4-18F1-BBB0-D060-4E79D81F0DC7}.Release|Any CPU.Build.0 = Release|Any CPU
		{7B21F34D-1503-4F4F-3DB4-E4073328DE26}.Debug|Any CPU.ActiveCfg = Debug|Any CPU
		{7B21F34D-1503-4F4F-3DB4-E4073328DE26}.Debug|Any CPU.Build.0 = Debug|Any CPU
		{7B21F34D-1503-4F4F-3DB4-E4073328DE26}.Debug|Any CPU.Deploy.0 = Debug|Any CPU
		{7B21F34D-1503-4F4F-3DB4-E4073328DE26}.Release|Any CPU.ActiveCfg = Release|Any CPU
		{7B21F34D-1503-4F4F-3DB4-E4073328DE26}.Release|Any CPU.Build.0 = Release|Any CPU
		{7B21F34D-1503-4F4F-3DB4-E4073328DE26}.Release|Any CPU.Deploy.0 = Release|Any CPU
		{F09BE0D0-0129-6A20-7EEF-97A5B78611D6}.Debug|Any CPU.ActiveCfg = Debug|Any CPU
		{F09BE0D0-0129-6A20-7EEF-97A5B78611D6}.Debug|Any CPU.Build.0 = Debug|Any CPU
		{F09BE0D0-0129-6A20-7EEF-97A5B78611D6}.Release|Any CPU.ActiveCfg = Release|Any CPU
		{F09BE0D0-0129-6A20-7EEF-97A5B78611D6}.Release|Any CPU.Build.0 = Release|Any CPU
		{7C3E8213-E851-3F04-E279-D86CB5C128DF}.Debug|Any CPU.ActiveCfg = Debug|Any CPU
		{7C3E8213-E851-3F04-E279-D86CB5C128DF}.Debug|Any CPU.Build.0 = Debug|Any CPU
		{7C3E8213-E851-3F04-E279-D86CB5C128DF}.Release|Any CPU.ActiveCfg = Release|Any CPU
		{7C3E8213-E851-3F04-E279-D86CB5C128DF}.Release|Any CPU.Build.0 = Release|Any CPU
		{9622483A-D2B8-B093-1CCD-ADBF4D53E1C4}.Debug|Any CPU.ActiveCfg = Debug|Any CPU
		{9622483A-D2B8-B093-1CCD-ADBF4D53E1C4}.Debug|Any CPU.Build.0 = Debug|Any CPU
		{9622483A-D2B8-B093-1CCD-ADBF4D53E1C4}.Release|Any CPU.ActiveCfg = Release|Any CPU
		{9622483A-D2B8-B093-1CCD-ADBF4D53E1C4}.Release|Any CPU.Build.0 = Release|Any CPU
		{6B99C837-EC0B-3488-817A-0989E4888F82}.Debug|Any CPU.ActiveCfg = Debug|Any CPU
		{6B99C837-EC0B-3488-817A-0989E4888F82}.Debug|Any CPU.Build.0 = Debug|Any CPU
		{6B99C837-EC0B-3488-817A-0989E4888F82}.Release|Any CPU.ActiveCfg = Release|Any CPU
		{6B99C837-EC0B-3488-817A-0989E4888F82}.Release|Any CPU.Build.0 = Release|Any CPU
		{BA20E7CB-9C26-BE66-D1DF-15525DC69541}.Debug|Any CPU.ActiveCfg = Debug|Any CPU
		{BA20E7CB-9C26-BE66-D1DF-15525DC69541}.Debug|Any CPU.Build.0 = Debug|Any CPU
		{BA20E7CB-9C26-BE66-D1DF-15525DC69541}.Release|Any CPU.ActiveCfg = Release|Any CPU
		{BA20E7CB-9C26-BE66-D1DF-15525DC69541}.Release|Any CPU.Build.0 = Release|Any CPU
		{F884D5DF-93BD-6B18-2E0D-5323A95FA42A}.Debug|Any CPU.ActiveCfg = Debug|Any CPU
		{F884D5DF-93BD-6B18-2E0D-5323A95FA42A}.Debug|Any CPU.Build.0 = Debug|Any CPU
		{F884D5DF-93BD-6B18-2E0D-5323A95FA42A}.Release|Any CPU.ActiveCfg = Release|Any CPU
		{F884D5DF-93BD-6B18-2E0D-5323A95FA42A}.Release|Any CPU.Build.0 = Release|Any CPU
		{7ED99297-205E-52F3-F0B2-FFA80D8A3650}.Debug|Any CPU.ActiveCfg = Debug|Any CPU
		{7ED99297-205E-52F3-F0B2-FFA80D8A3650}.Debug|Any CPU.Build.0 = Debug|Any CPU
		{7ED99297-205E-52F3-F0B2-FFA80D8A3650}.Release|Any CPU.ActiveCfg = Release|Any CPU
		{7ED99297-205E-52F3-F0B2-FFA80D8A3650}.Release|Any CPU.Build.0 = Release|Any CPU
		{5BCBF0D8-657A-4E78-45FF-AF5263CE0B43}.Debug|Any CPU.ActiveCfg = Debug|Any CPU
		{5BCBF0D8-657A-4E78-45FF-AF5263CE0B43}.Debug|Any CPU.Build.0 = Debug|Any CPU
		{5BCBF0D8-657A-4E78-45FF-AF5263CE0B43}.Release|Any CPU.ActiveCfg = Release|Any CPU
		{5BCBF0D8-657A-4E78-45FF-AF5263CE0B43}.Release|Any CPU.Build.0 = Release|Any CPU
		{841F6DE8-DC65-6133-A0A7-A586A0A93C17}.Debug|Any CPU.ActiveCfg = Debug|Any CPU
		{841F6DE8-DC65-6133-A0A7-A586A0A93C17}.Debug|Any CPU.Build.0 = Debug|Any CPU
		{841F6DE8-DC65-6133-A0A7-A586A0A93C17}.Release|Any CPU.ActiveCfg = Release|Any CPU
		{841F6DE8-DC65-6133-A0A7-A586A0A93C17}.Release|Any CPU.Build.0 = Release|Any CPU
		{DD129DD3-CDC1-EC3A-509E-85273D638CBC}.Debug|Any CPU.ActiveCfg = Debug|Any CPU
		{DD129DD3-CDC1-EC3A-509E-85273D638CBC}.Debug|Any CPU.Build.0 = Debug|Any CPU
		{DD129DD3-CDC1-EC3A-509E-85273D638CBC}.Release|Any CPU.ActiveCfg = Release|Any CPU
		{DD129DD3-CDC1-EC3A-509E-85273D638CBC}.Release|Any CPU.Build.0 = Release|Any CPU
		{D52978BF-4413-F263-4716-4CEF96777AB2}.Debug|Any CPU.ActiveCfg = Debug|Any CPU
		{D52978BF-4413-F263-4716-4CEF96777AB2}.Debug|Any CPU.Build.0 = Debug|Any CPU
		{D52978BF-4413-F263-4716-4CEF96777AB2}.Release|Any CPU.ActiveCfg = Release|Any CPU
		{D52978BF-4413-F263-4716-4CEF96777AB2}.Release|Any CPU.Build.0 = Release|Any CPU
		{7BA768C9-837D-B7E9-6CB3-91CE8D622FB0}.Debug|Any CPU.ActiveCfg = Debug|Any CPU
		{7BA768C9-837D-B7E9-6CB3-91CE8D622FB0}.Debug|Any CPU.Build.0 = Debug|Any CPU
		{7BA768C9-837D-B7E9-6CB3-91CE8D622FB0}.Release|Any CPU.ActiveCfg = Release|Any CPU
		{7BA768C9-837D-B7E9-6CB3-91CE8D622FB0}.Release|Any CPU.Build.0 = Release|Any CPU
		{8C85B97F-29C4-E5C6-BBF4-7FBFFC604352}.Debug|Any CPU.ActiveCfg = Debug|Any CPU
		{8C85B97F-29C4-E5C6-BBF4-7FBFFC604352}.Debug|Any CPU.Build.0 = Debug|Any CPU
		{8C85B97F-29C4-E5C6-BBF4-7FBFFC604352}.Release|Any CPU.ActiveCfg = Release|Any CPU
		{8C85B97F-29C4-E5C6-BBF4-7FBFFC604352}.Release|Any CPU.Build.0 = Release|Any CPU
		{E0EA3723-800A-4719-24E8-D9AC31DB9A7E}.Debug|Any CPU.ActiveCfg = Debug|Any CPU
		{E0EA3723-800A-4719-24E8-D9AC31DB9A7E}.Debug|Any CPU.Build.0 = Debug|Any CPU
		{E0EA3723-800A-4719-24E8-D9AC31DB9A7E}.Release|Any CPU.ActiveCfg = Release|Any CPU
		{E0EA3723-800A-4719-24E8-D9AC31DB9A7E}.Release|Any CPU.Build.0 = Release|Any CPU
		{398F2668-230C-E0AD-9CEC-12160AB1EE00}.Debug|Any CPU.ActiveCfg = Debug|Any CPU
		{398F2668-230C-E0AD-9CEC-12160AB1EE00}.Debug|Any CPU.Build.0 = Debug|Any CPU
		{398F2668-230C-E0AD-9CEC-12160AB1EE00}.Release|Any CPU.ActiveCfg = Release|Any CPU
		{398F2668-230C-E0AD-9CEC-12160AB1EE00}.Release|Any CPU.Build.0 = Release|Any CPU
		{E46D385B-D7DE-577B-C705-5B5F13672BF8}.Debug|Any CPU.ActiveCfg = Debug|Any CPU
		{E46D385B-D7DE-577B-C705-5B5F13672BF8}.Debug|Any CPU.Build.0 = Debug|Any CPU
		{E46D385B-D7DE-577B-C705-5B5F13672BF8}.Release|Any CPU.ActiveCfg = Release|Any CPU
		{E46D385B-D7DE-577B-C705-5B5F13672BF8}.Release|Any CPU.Build.0 = Release|Any CPU
		{CB27EDC8-C8A6-3406-B531-58A78E4E28D8}.Debug|Any CPU.ActiveCfg = Debug|Any CPU
		{CB27EDC8-C8A6-3406-B531-58A78E4E28D8}.Debug|Any CPU.Build.0 = Debug|Any CPU
		{CB27EDC8-C8A6-3406-B531-58A78E4E28D8}.Release|Any CPU.ActiveCfg = Release|Any CPU
		{CB27EDC8-C8A6-3406-B531-58A78E4E28D8}.Release|Any CPU.Build.0 = Release|Any CPU
		{CE30D94D-396E-EEAF-73F3-BDAD8914FEE5}.Debug|Any CPU.ActiveCfg = Debug|Any CPU
		{CE30D94D-396E-EEAF-73F3-BDAD8914FEE5}.Debug|Any CPU.Build.0 = Debug|Any CPU
		{CE30D94D-396E-EEAF-73F3-BDAD8914FEE5}.Debug|Any CPU.Deploy.0 = Debug|Any CPU
		{CE30D94D-396E-EEAF-73F3-BDAD8914FEE5}.Release|Any CPU.ActiveCfg = Release|Any CPU
		{CE30D94D-396E-EEAF-73F3-BDAD8914FEE5}.Release|Any CPU.Build.0 = Release|Any CPU
		{CE30D94D-396E-EEAF-73F3-BDAD8914FEE5}.Release|Any CPU.Deploy.0 = Release|Any CPU
	EndGlobalSection
	GlobalSection(SolutionProperties) = preSolution
		HideSolutionNode = FALSE
	EndGlobalSection
	GlobalSection(NestedProjects) = preSolution
		{BDE1DA6F-B217-4869-BD67-495CC256BB95} = {7C445A11-BD9E-4CD7-8EBC-02AD77BE2FF3}
		{68D40CC8-1208-4F6F-9F7A-2FDCB3158421} = {7C445A11-BD9E-4CD7-8EBC-02AD77BE2FF3}
		{3CF226D6-A287-41B5-C171-095BFABD37AA} = {02EA681E-C7D8-13C7-8484-4AC65E1B71E8}
		{218EB7C4-18F1-BBB0-D060-4E79D81F0DC7} = {02EA681E-C7D8-13C7-8484-4AC65E1B71E8}
		{7B21F34D-1503-4F4F-3DB4-E4073328DE26} = {C08780F7-6FFE-41DF-9717-75877BE1080D}
		{F09BE0D0-0129-6A20-7EEF-97A5B78611D6} = {BDE1DA6F-B217-4869-BD67-495CC256BB95}
		{7C3E8213-E851-3F04-E279-D86CB5C128DF} = {BDE1DA6F-B217-4869-BD67-495CC256BB95}
		{9622483A-D2B8-B093-1CCD-ADBF4D53E1C4} = {BDE1DA6F-B217-4869-BD67-495CC256BB95}
		{6B99C837-EC0B-3488-817A-0989E4888F82} = {BDE1DA6F-B217-4869-BD67-495CC256BB95}
		{BA20E7CB-9C26-BE66-D1DF-15525DC69541} = {68D40CC8-1208-4F6F-9F7A-2FDCB3158421}
		{F884D5DF-93BD-6B18-2E0D-5323A95FA42A} = {68D40CC8-1208-4F6F-9F7A-2FDCB3158421}
		{7ED99297-205E-52F3-F0B2-FFA80D8A3650} = {68D40CC8-1208-4F6F-9F7A-2FDCB3158421}
		{5BCBF0D8-657A-4E78-45FF-AF5263CE0B43} = {68D40CC8-1208-4F6F-9F7A-2FDCB3158421}
		{841F6DE8-DC65-6133-A0A7-A586A0A93C17} = {7C445A11-BD9E-4CD7-8EBC-02AD77BE2FF3}
		{DD129DD3-CDC1-EC3A-509E-85273D638CBC} = {7C445A11-BD9E-4CD7-8EBC-02AD77BE2FF3}
		{D52978BF-4413-F263-4716-4CEF96777AB2} = {7C445A11-BD9E-4CD7-8EBC-02AD77BE2FF3}
		{7BA768C9-837D-B7E9-6CB3-91CE8D622FB0} = {7C445A11-BD9E-4CD7-8EBC-02AD77BE2FF3}
		{8C85B97F-29C4-E5C6-BBF4-7FBFFC604352} = {7C445A11-BD9E-4CD7-8EBC-02AD77BE2FF3}
		{E0EA3723-800A-4719-24E8-D9AC31DB9A7E} = {7C445A11-BD9E-4CD7-8EBC-02AD77BE2FF3}
		{398F2668-230C-E0AD-9CEC-12160AB1EE00} = {7C445A11-BD9E-4CD7-8EBC-02AD77BE2FF3}
		{E46D385B-D7DE-577B-C705-5B5F13672BF8} = {7C445A11-BD9E-4CD7-8EBC-02AD77BE2FF3}
		{CB27EDC8-C8A6-3406-B531-58A78E4E28D8} = {7C445A11-BD9E-4CD7-8EBC-02AD77BE2FF3}
		{CE30D94D-396E-EEAF-73F3-BDAD8914FEE5} = {7C445A11-BD9E-4CD7-8EBC-02AD77BE2FF3}
	EndGlobalSection
	GlobalSection(ExtensibilityGlobals) = postSolution
		SolutionGuid = {5CCCB4EB-1393-4207-A6DD-58381E625757}
	EndGlobalSection
EndGlobal
