
Microsoft Visual Studio Solution File, Format Version 12.00
# Visual Studio Version 17
VisualStudioVersion = 17.14.36603.0 d17.14
MinimumVisualStudioVersion = 10.0.40219.1
Project("{FAE04EC0-301F-11D3-BF4B-00C04F79EFBC}") = "Akkadian.Core", "..\src\Akkadian.Compiler\Akkadian.Core\Akkadian.Core.csproj", "{8F48BA0B-6A16-F752-BC40-D871C01AB098}"
EndProject
Project("{FAE04EC0-301F-11D3-BF4B-00C04F79EFBC}") = "Akkadian.Cli", "..\src\Akkadian.Compiler\Akkadian.Cli\Akkadian.Cli.csproj", "{B3AD967F-0D69-76BE-7E82-A6AEFE5C186B}"
EndProject
Project("{2150E333-8FDC-42A3-9474-1A3956D46DE8}") = "Akkadian.Compiler", "Akkadian.Compiler", "{02EA681E-C7D8-13C7-8484-4AC65E1B71E8}"
EndProject
Project("{2150E333-8FDC-42A3-9474-1A3956D46DE8}") = "BahyWay.Kernel", "BahyWay.Kernel", "{7C445A11-BD9E-4CD7-8EBC-02AD77BE2FF3}"
EndProject
Project("{FAE04EC0-301F-11D3-BF4B-00C04F79EFBC}") = "AlarmInsight.API", "..\src\BahyWay.Kernel\src\AlarmInsight.API\AlarmInsight.API.csproj", "{6440D3C9-8014-05A9-58B5-B7C249712E1B}"
EndProject
Project("{FAE04EC0-301F-11D3-BF4B-00C04F79EFBC}") = "AlarmInsight.Application", "..\src\BahyWay.Kernel\src\AlarmInsight.Application\AlarmInsight.Application.csproj", "{4A780DD8-A9C6-898F-BE63-0A3AAB11FBC7}"
EndProject
Project("{FAE04EC0-301F-11D3-BF4B-00C04F79EFBC}") = "AlarmInsight.Domain", "..\src\BahyWay.Kernel\src\AlarmInsight.Domain\AlarmInsight.Domain.csproj", "{177E912C-05D6-425C-CD66-6E39DD9872D2}"
EndProject
Project("{FAE04EC0-301F-11D3-BF4B-00C04F79EFBC}") = "AlarmInsight.Infrastructure", "..\src\BahyWay.Kernel\src\AlarmInsight.Infrastructure\AlarmInsight.Infrastructure.csproj", "{6FCCC75B-C69B-8568-1C5F-CE8B3412E399}"
EndProject
Project("{2150E333-8FDC-42A3-9474-1A3956D46DE8}") = "Bahyway.KGEditor", "Bahyway.KGEditor", "{BDE1DA6F-B217-4869-BD67-495CC256BB95}"
EndProject
Project("{FAE04EC0-301F-11D3-BF4B-00C04F79EFBC}") = "Bahyway.KGEditor.Application", "..\src\BahyWay.Kernel\src\Bahyway.KGEditor\Bahyway.KGEditor.Application\Bahyway.KGEditor.Application.csproj", "{4E922A6B-42A5-2BAA-34FF-A1CFFBC26360}"
EndProject
Project("{FAE04EC0-301F-11D3-BF4B-00C04F79EFBC}") = "Bahyway.KGEditor.Domain", "..\src\BahyWay.Kernel\src\Bahyway.KGEditor\Bahyway.KGEditor.Domain\Bahyway.KGEditor.Domain.csproj", "{645A4428-7952-A77B-44EF-6C6715443035}"
EndProject
Project("{FAE04EC0-301F-11D3-BF4B-00C04F79EFBC}") = "Bahyway.KGEditor.Infrastructure", "..\src\BahyWay.Kernel\src\Bahyway.KGEditor\Bahyway.KGEditor.Infrastructure\Bahyway.KGEditor.Infrastructure.csproj", "{84FBCE8E-B48A-ED7A-1D56-DA080E55B129}"
EndProject
Project("{FAE04EC0-301F-11D3-BF4B-00C04F79EFBC}") = "Bahyway.KGEditor.UI", "..\src\BahyWay.Kernel\src\Bahyway.KGEditor\Bahyway.KGEditor.UI\Bahyway.KGEditor.UI.csproj", "{B1D798F9-E139-4BCD-A0B5-42095B182492}"
EndProject
Project("{FAE04EC0-301F-11D3-BF4B-00C04F79EFBC}") = "Bahyway.Orchestrator", "..\src\BahyWay.Kernel\src\Bahyway.Orchestrator\Bahyway.Orchestrator.csproj", "{7B3CBF79-B28A-DBE0-80D3-64142C3A8556}"
EndProject
Project("{FAE04EC0-301F-11D3-BF4B-00C04F79EFBC}") = "BahyWay.RulesEngine", "..\src\BahyWay.Kernel\src\BahyWay.RulesEngine\BahyWay.RulesEngine.csproj", "{BD56003C-19CB-A40D-85B1-606B061B2810}"
EndProject
Project("{FAE04EC0-301F-11D3-BF4B-00C04F79EFBC}") = "BahyWay.SharedKernel", "..\src\BahyWay.Kernel\src\BahyWay.SharedKernel\BahyWay.SharedKernel.csproj", "{BD8114BA-CFD9-00F9-D950-763A9D85FB8D}"
EndProject
Project("{FAE04EC0-301F-11D3-BF4B-00C04F79EFBC}") = "Bahyway.Tests", "..\src\BahyWay.Kernel\src\Bahyway.Tests\Bahyway.Tests.csproj", "{B4012586-D759-A75D-4BFE-5AB33EE1FE57}"
EndProject
Project("{FAE04EC0-301F-11D3-BF4B-00C04F79EFBC}") = "BahyWay.Web.API", "..\src\BahyWay.Kernel\src\BahyWay.Web.API\BahyWay.Web.API.csproj", "{2E18EF68-C8D9-87B1-7178-E5761F5437DE}"
EndProject
Project("{2150E333-8FDC-42A3-9474-1A3956D46DE8}") = "ETLWay.Core", "ETLWay.Core", "{68D40CC8-1208-4F6F-9F7A-2FDCB3158421}"
EndProject
Project("{FAE04EC0-301F-11D3-BF4B-00C04F79EFBC}") = "ETLWay.Application", "..\src\BahyWay.Kernel\src\ETLWay.Core\ETLWay.Application\ETLWay.Application.csproj", "{7676C4B4-474D-B29B-BBDA-648A728171D7}"
EndProject
Project("{FAE04EC0-301F-11D3-BF4B-00C04F79EFBC}") = "ETLWay.Domain", "..\src\BahyWay.Kernel\src\ETLWay.Core\ETLWay.Domain\ETLWay.Domain.csproj", "{5CB4F036-4B16-2F67-46DD-C582200EDB42}"
EndProject
Project("{FAE04EC0-301F-11D3-BF4B-00C04F79EFBC}") = "ETLWay.Infrastructure", "..\src\BahyWay.Kernel\src\ETLWay.Core\ETLWay.Infrastructure\ETLWay.Infrastructure.csproj", "{C1ADD84A-4F1D-DE08-FA31-F192F6A10BD7}"
EndProject
Project("{FAE04EC0-301F-11D3-BF4B-00C04F79EFBC}") = "ETLWay.Orchestrator", "..\src\BahyWay.Kernel\src\ETLWay.Core\ETLWay.Orchestrator\ETLWay.Orchestrator.csproj", "{34C6327F-AFD7-8C5B-D4B4-81D71590570D}"
EndProject
Project("{54A90642-561A-4BB1-A94E-469ADEE60C69}") = "BahyWay.Web.Client", "..\src\BahyWay.Kernel\src\BahyWay.Web.Client\BahyWay.Web.Client.esproj", "{29AEFA4B-9087-D10E-A2B8-44C8D80EE2D3}"
EndProject
Project("{54A90642-561A-4BB1-A94E-469ADEE60C69}") = "akkadian-dsl", "..\src\Akkadian.IDE\akkadian-dsl\akkadian-dsl.esproj", "{FDE13CDC-F244-E580-7089-D0BB7BB70FE7}"
EndProject
Project("{2150E333-8FDC-42A3-9474-1A3956D46DE8}") = "Akkadian.IDE", "Akkadian.IDE", "{C08780F7-6FFE-41DF-9717-75877BE1080D}"
EndProject
Global
	GlobalSection(SolutionConfigurationPlatforms) = preSolution
		Debug|Any CPU = Debug|Any CPU
		Release|Any CPU = Release|Any CPU
	EndGlobalSection
	GlobalSection(ProjectConfigurationPlatforms) = postSolution
		{8F48BA0B-6A16-F752-BC40-D871C01AB098}.Debug|Any CPU.ActiveCfg = Debug|Any CPU
		{8F48BA0B-6A16-F752-BC40-D871C01AB098}.Debug|Any CPU.Build.0 = Debug|Any CPU
		{8F48BA0B-6A16-F752-BC40-D871C01AB098}.Release|Any CPU.ActiveCfg = Release|Any CPU
		{8F48BA0B-6A16-F752-BC40-D871C01AB098}.Release|Any CPU.Build.0 = Release|Any CPU
		{B3AD967F-0D69-76BE-7E82-A6AEFE5C186B}.Debug|Any CPU.ActiveCfg = Debug|Any CPU
		{B3AD967F-0D69-76BE-7E82-A6AEFE5C186B}.Debug|Any CPU.Build.0 = Debug|Any CPU
		{B3AD967F-0D69-76BE-7E82-A6AEFE5C186B}.Release|Any CPU.ActiveCfg = Release|Any CPU
		{B3AD967F-0D69-76BE-7E82-A6AEFE5C186B}.Release|Any CPU.Build.0 = Release|Any CPU
		{6440D3C9-8014-05A9-58B5-B7C249712E1B}.Debug|Any CPU.ActiveCfg = Debug|Any CPU
		{6440D3C9-8014-05A9-58B5-B7C249712E1B}.Debug|Any CPU.Build.0 = Debug|Any CPU
		{6440D3C9-8014-05A9-58B5-B7C249712E1B}.Release|Any CPU.ActiveCfg = Release|Any CPU
		{6440D3C9-8014-05A9-58B5-B7C249712E1B}.Release|Any CPU.Build.0 = Release|Any CPU
		{4A780DD8-A9C6-898F-BE63-0A3AAB11FBC7}.Debug|Any CPU.ActiveCfg = Debug|Any CPU
		{4A780DD8-A9C6-898F-BE63-0A3AAB11FBC7}.Debug|Any CPU.Build.0 = Debug|Any CPU
		{4A780DD8-A9C6-898F-BE63-0A3AAB11FBC7}.Release|Any CPU.ActiveCfg = Release|Any CPU
		{4A780DD8-A9C6-898F-BE63-0A3AAB11FBC7}.Release|Any CPU.Build.0 = Release|Any CPU
		{177E912C-05D6-425C-CD66-6E39DD9872D2}.Debug|Any CPU.ActiveCfg = Debug|Any CPU
		{177E912C-05D6-425C-CD66-6E39DD9872D2}.Debug|Any CPU.Build.0 = Debug|Any CPU
		{177E912C-05D6-425C-CD66-6E39DD9872D2}.Release|Any CPU.ActiveCfg = Release|Any CPU
		{177E912C-05D6-425C-CD66-6E39DD9872D2}.Release|Any CPU.Build.0 = Release|Any CPU
		{6FCCC75B-C69B-8568-1C5F-CE8B3412E399}.Debug|Any CPU.ActiveCfg = Debug|Any CPU
		{6FCCC75B-C69B-8568-1C5F-CE8B3412E399}.Debug|Any CPU.Build.0 = Debug|Any CPU
		{6FCCC75B-C69B-8568-1C5F-CE8B3412E399}.Release|Any CPU.ActiveCfg = Release|Any CPU
		{6FCCC75B-C69B-8568-1C5F-CE8B3412E399}.Release|Any CPU.Build.0 = Release|Any CPU
		{4E922A6B-42A5-2BAA-34FF-A1CFFBC26360}.Debug|Any CPU.ActiveCfg = Debug|Any CPU
		{4E922A6B-42A5-2BAA-34FF-A1CFFBC26360}.Debug|Any CPU.Build.0 = Debug|Any CPU
		{4E922A6B-42A5-2BAA-34FF-A1CFFBC26360}.Release|Any CPU.ActiveCfg = Release|Any CPU
		{4E922A6B-42A5-2BAA-34FF-A1CFFBC26360}.Release|Any CPU.Build.0 = Release|Any CPU
		{645A4428-7952-A77B-44EF-6C6715443035}.Debug|Any CPU.ActiveCfg = Debug|Any CPU
		{645A4428-7952-A77B-44EF-6C6715443035}.Debug|Any CPU.Build.0 = Debug|Any CPU
		{645A4428-7952-A77B-44EF-6C6715443035}.Release|Any CPU.ActiveCfg = Release|Any CPU
		{645A4428-7952-A77B-44EF-6C6715443035}.Release|Any CPU.Build.0 = Release|Any CPU
		{84FBCE8E-B48A-ED7A-1D56-DA080E55B129}.Debug|Any CPU.ActiveCfg = Debug|Any CPU
		{84FBCE8E-B48A-ED7A-1D56-DA080E55B129}.Debug|Any CPU.Build.0 = Debug|Any CPU
		{84FBCE8E-B48A-ED7A-1D56-DA080E55B129}.Release|Any CPU.ActiveCfg = Release|Any CPU
		{84FBCE8E-B48A-ED7A-1D56-DA080E55B129}.Release|Any CPU.Build.0 = Release|Any CPU
		{B1D798F9-E139-4BCD-A0B5-42095B182492}.Debug|Any CPU.ActiveCfg = Debug|Any CPU
		{B1D798F9-E139-4BCD-A0B5-42095B182492}.Debug|Any CPU.Build.0 = Debug|Any CPU
		{B1D798F9-E139-4BCD-A0B5-42095B182492}.Release|Any CPU.ActiveCfg = Release|Any CPU
		{B1D798F9-E139-4BCD-A0B5-42095B182492}.Release|Any CPU.Build.0 = Release|Any CPU
		{7B3CBF79-B28A-DBE0-80D3-64142C3A8556}.Debug|Any CPU.ActiveCfg = Debug|Any CPU
		{7B3CBF79-B28A-DBE0-80D3-64142C3A8556}.Debug|Any CPU.Build.0 = Debug|Any CPU
		{7B3CBF79-B28A-DBE0-80D3-64142C3A8556}.Release|Any CPU.ActiveCfg = Release|Any CPU
		{7B3CBF79-B28A-DBE0-80D3-64142C3A8556}.Release|Any CPU.Build.0 = Release|Any CPU
		{BD56003C-19CB-A40D-85B1-606B061B2810}.Debug|Any CPU.ActiveCfg = Debug|Any CPU
		{BD56003C-19CB-A40D-85B1-606B061B2810}.Debug|Any CPU.Build.0 = Debug|Any CPU
		{BD56003C-19CB-A40D-85B1-606B061B2810}.Release|Any CPU.ActiveCfg = Release|Any CPU
		{BD56003C-19CB-A40D-85B1-606B061B2810}.Release|Any CPU.Build.0 = Release|Any CPU
		{BD8114BA-CFD9-00F9-D950-763A9D85FB8D}.Debug|Any CPU.ActiveCfg = Debug|Any CPU
		{BD8114BA-CFD9-00F9-D950-763A9D85FB8D}.Debug|Any CPU.Build.0 = Debug|Any CPU
		{BD8114BA-CFD9-00F9-D950-763A9D85FB8D}.Release|Any CPU.ActiveCfg = Release|Any CPU
		{BD8114BA-CFD9-00F9-D950-763A9D85FB8D}.Release|Any CPU.Build.0 = Release|Any CPU
		{B4012586-D759-A75D-4BFE-5AB33EE1FE57}.Debug|Any CPU.ActiveCfg = Debug|Any CPU
		{B4012586-D759-A75D-4BFE-5AB33EE1FE57}.Debug|Any CPU.Build.0 = Debug|Any CPU
		{B4012586-D759-A75D-4BFE-5AB33EE1FE57}.Release|Any CPU.ActiveCfg = Release|Any CPU
		{B4012586-D759-A75D-4BFE-5AB33EE1FE57}.Release|Any CPU.Build.0 = Release|Any CPU
		{2E18EF68-C8D9-87B1-7178-E5761F5437DE}.Debug|Any CPU.ActiveCfg = Debug|Any CPU
		{2E18EF68-C8D9-87B1-7178-E5761F5437DE}.Debug|Any CPU.Build.0 = Debug|Any CPU
		{2E18EF68-C8D9-87B1-7178-E5761F5437DE}.Release|Any CPU.ActiveCfg = Release|Any CPU
		{2E18EF68-C8D9-87B1-7178-E5761F5437DE}.Release|Any CPU.Build.0 = Release|Any CPU
		{7676C4B4-474D-B29B-BBDA-648A728171D7}.Debug|Any CPU.ActiveCfg = Debug|Any CPU
		{7676C4B4-474D-B29B-BBDA-648A728171D7}.Debug|Any CPU.Build.0 = Debug|Any CPU
		{7676C4B4-474D-B29B-BBDA-648A728171D7}.Release|Any CPU.ActiveCfg = Release|Any CPU
		{7676C4B4-474D-B29B-BBDA-648A728171D7}.Release|Any CPU.Build.0 = Release|Any CPU
		{5CB4F036-4B16-2F67-46DD-C582200EDB42}.Debug|Any CPU.ActiveCfg = Debug|Any CPU
		{5CB4F036-4B16-2F67-46DD-C582200EDB42}.Debug|Any CPU.Build.0 = Debug|Any CPU
		{5CB4F036-4B16-2F67-46DD-C582200EDB42}.Release|Any CPU.ActiveCfg = Release|Any CPU
		{5CB4F036-4B16-2F67-46DD-C582200EDB42}.Release|Any CPU.Build.0 = Release|Any CPU
		{C1ADD84A-4F1D-DE08-FA31-F192F6A10BD7}.Debug|Any CPU.ActiveCfg = Debug|Any CPU
		{C1ADD84A-4F1D-DE08-FA31-F192F6A10BD7}.Debug|Any CPU.Build.0 = Debug|Any CPU
		{C1ADD84A-4F1D-DE08-FA31-F192F6A10BD7}.Release|Any CPU.ActiveCfg = Release|Any CPU
		{C1ADD84A-4F1D-DE08-FA31-F192F6A10BD7}.Release|Any CPU.Build.0 = Release|Any CPU
		{34C6327F-AFD7-8C5B-D4B4-81D71590570D}.Debug|Any CPU.ActiveCfg = Debug|Any CPU
		{34C6327F-AFD7-8C5B-D4B4-81D71590570D}.Debug|Any CPU.Build.0 = Debug|Any CPU
		{34C6327F-AFD7-8C5B-D4B4-81D71590570D}.Release|Any CPU.ActiveCfg = Release|Any CPU
		{34C6327F-AFD7-8C5B-D4B4-81D71590570D}.Release|Any CPU.Build.0 = Release|Any CPU
		{29AEFA4B-9087-D10E-A2B8-44C8D80EE2D3}.Debug|Any CPU.ActiveCfg = Debug|Any CPU
		{29AEFA4B-9087-D10E-A2B8-44C8D80EE2D3}.Debug|Any CPU.Build.0 = Debug|Any CPU
		{29AEFA4B-9087-D10E-A2B8-44C8D80EE2D3}.Debug|Any CPU.Deploy.0 = Debug|Any CPU
		{29AEFA4B-9087-D10E-A2B8-44C8D80EE2D3}.Release|Any CPU.ActiveCfg = Release|Any CPU
		{29AEFA4B-9087-D10E-A2B8-44C8D80EE2D3}.Release|Any CPU.Build.0 = Release|Any CPU
		{29AEFA4B-9087-D10E-A2B8-44C8D80EE2D3}.Release|Any CPU.Deploy.0 = Release|Any CPU
		{FDE13CDC-F244-E580-7089-D0BB7BB70FE7}.Debug|Any CPU.ActiveCfg = Debug|Any CPU
		{FDE13CDC-F244-E580-7089-D0BB7BB70FE7}.Debug|Any CPU.Build.0 = Debug|Any CPU
		{FDE13CDC-F244-E580-7089-D0BB7BB70FE7}.Debug|Any CPU.Deploy.0 = Debug|Any CPU
		{FDE13CDC-F244-E580-7089-D0BB7BB70FE7}.Release|Any CPU.ActiveCfg = Release|Any CPU
		{FDE13CDC-F244-E580-7089-D0BB7BB70FE7}.Release|Any CPU.Build.0 = Release|Any CPU
		{FDE13CDC-F244-E580-7089-D0BB7BB70FE7}.Release|Any CPU.Deploy.0 = Release|Any CPU
	EndGlobalSection
	GlobalSection(SolutionProperties) = preSolution
		HideSolutionNode = FALSE
	EndGlobalSection
	GlobalSection(NestedProjects) = preSolution
		{8F48BA0B-6A16-F752-BC40-D871C01AB098} = {02EA681E-C7D8-13C7-8484-4AC65E1B71E8}
		{B3AD967F-0D69-76BE-7E82-A6AEFE5C186B} = {02EA681E-C7D8-13C7-8484-4AC65E1B71E8}
		{6440D3C9-8014-05A9-58B5-B7C249712E1B} = {7C445A11-BD9E-4CD7-8EBC-02AD77BE2FF3}
		{4A780DD8-A9C6-898F-BE63-0A3AAB11FBC7} = {7C445A11-BD9E-4CD7-8EBC-02AD77BE2FF3}
		{177E912C-05D6-425C-CD66-6E39DD9872D2} = {7C445A11-BD9E-4CD7-8EBC-02AD77BE2FF3}
		{6FCCC75B-C69B-8568-1C5F-CE8B3412E399} = {7C445A11-BD9E-4CD7-8EBC-02AD77BE2FF3}
		{BDE1DA6F-B217-4869-BD67-495CC256BB95} = {7C445A11-BD9E-4CD7-8EBC-02AD77BE2FF3}
		{4E922A6B-42A5-2BAA-34FF-A1CFFBC26360} = {BDE1DA6F-B217-4869-BD67-495CC256BB95}
		{645A4428-7952-A77B-44EF-6C6715443035} = {BDE1DA6F-B217-4869-BD67-495CC256BB95}
		{84FBCE8E-B48A-ED7A-1D56-DA080E55B129} = {BDE1DA6F-B217-4869-BD67-495CC256BB95}
		{B1D798F9-E139-4BCD-A0B5-42095B182492} = {BDE1DA6F-B217-4869-BD67-495CC256BB95}
		{7B3CBF79-B28A-DBE0-80D3-64142C3A8556} = {7C445A11-BD9E-4CD7-8EBC-02AD77BE2FF3}
		{BD56003C-19CB-A40D-85B1-606B061B2810} = {7C445A11-BD9E-4CD7-8EBC-02AD77BE2FF3}
		{BD8114BA-CFD9-00F9-D950-763A9D85FB8D} = {7C445A11-BD9E-4CD7-8EBC-02AD77BE2FF3}
		{B4012586-D759-A75D-4BFE-5AB33EE1FE57} = {7C445A11-BD9E-4CD7-8EBC-02AD77BE2FF3}
		{2E18EF68-C8D9-87B1-7178-E5761F5437DE} = {7C445A11-BD9E-4CD7-8EBC-02AD77BE2FF3}
		{68D40CC8-1208-4F6F-9F7A-2FDCB3158421} = {7C445A11-BD9E-4CD7-8EBC-02AD77BE2FF3}
		{7676C4B4-474D-B29B-BBDA-648A728171D7} = {68D40CC8-1208-4F6F-9F7A-2FDCB3158421}
		{5CB4F036-4B16-2F67-46DD-C582200EDB42} = {68D40CC8-1208-4F6F-9F7A-2FDCB3158421}
		{C1ADD84A-4F1D-DE08-FA31-F192F6A10BD7} = {68D40CC8-1208-4F6F-9F7A-2FDCB3158421}
		{34C6327F-AFD7-8C5B-D4B4-81D71590570D} = {68D40CC8-1208-4F6F-9F7A-2FDCB3158421}
		{29AEFA4B-9087-D10E-A2B8-44C8D80EE2D3} = {7C445A11-BD9E-4CD7-8EBC-02AD77BE2FF3}
		{FDE13CDC-F244-E580-7089-D0BB7BB70FE7} = {C08780F7-6FFE-41DF-9717-75877BE1080D}
	EndGlobalSection
	GlobalSection(ExtensibilityGlobals) = postSolution
		SolutionGuid = {5CCCB4EB-1393-4207-A6DD-58381E625757}
	EndGlobalSection
EndGlobal
